<?xml version="1.0" encoding="utf-8"?>
<Project ToolsVersion="4.0" xmlns="http://schemas.microsoft.com/developer/msbuild/2003">
  <ItemGroup>
    <Filter Include="Source Files">
      <UniqueIdentifier>{4FC737F1-C7A5-4376-A066-2A32D752A2FF}</UniqueIdentifier>
      <Extensions>cpp;c;cc;cxx;c++;cppm;ixx;def;odl;idl;hpj;bat;asm;asmx</Extensions>
    </Filter>
    <Filter Include="Header Files">
      <UniqueIdentifier>{93995380-89BD-4b04-88EB-625FBE52EBFB}</UniqueIdentifier>
      <Extensions>h;hh;hpp;hxx;h++;hm;inl;inc;ipp;xsd</Extensions>
    </Filter>
    <Filter Include="Resource Files">
      <UniqueIdentifier>{67DA6AB6-F800-4c08-8B7A-83BB121AAD01}</UniqueIdentifier>
      <Extensions>rc;ico;cur;bmp;dlg;rc2;rct;bin;rgs;gif;jpg;jpeg;jpe;resx;tiff;tif;png;wav;mfcribbon-ms</Extensions>
    </Filter>
    <Filter Include="Header Files\Listas">
      <UniqueIdentifier>{f0f4763f-504f-4197-94a2-beafbebdae21}</UniqueIdentifier>
    </Filter>
    <Filter Include="Source Files\Listas">
      <UniqueIdentifier>{a4db7dce-7acd-4796-a550-6fc67e27d031}</UniqueIdentifier>
    </Filter>
  </ItemGroup>
  <ItemGroup>
    <ClCompile Include="Main.cpp">
      <Filter>Source Files</Filter>
    </ClCompile>
    <ClCompile Include="Interfaz.cpp">
      <Filter>Source Files</Filter>
    </ClCompile>
    <ClCompile Include="Horario.cpp">
      <Filter>Source Files</Filter>
    </ClCompile>
    <ClCompile Include="Curso.cpp">
      <Filter>Source Files</Filter>
    </ClCompile>
    <ClCompile Include="Grupo.cpp">
      <Filter>Source Files</Filter>
    </ClCompile>
    <ClCompile Include="Persona.cpp">
      <Filter>Source Files</Filter>
    </ClCompile>
    <ClCompile Include="Profesor.cpp">
      <Filter>Source Files</Filter>
    </ClCompile>
    <ClCompile Include="Estudiante.cpp">
      <Filter>Source Files</Filter>
    </ClCompile>
    <ClCompile Include="Periodo.cpp">
      <Filter>Source Files</Filter>
    </ClCompile>
    <ClCompile Include="Lista_Estudiante.cpp">
      <Filter>Source Files\Listas</Filter>
    </ClCompile>
    <ClCompile Include="Lista_Grupos.cpp">
      <Filter>Source Files\Listas</Filter>
    </ClCompile>
    <ClCompile Include="Lista_Profesores.cpp">
      <Filter>Source Files\Listas</Filter>
    </ClCompile>
  </ItemGroup>
  <ItemGroup>
    <ClInclude Include="Interfaz.h">
      <Filter>Header Files</Filter>
    </ClInclude>
    <ClInclude Include="Horario.h">
      <Filter>Header Files</Filter>
    </ClInclude>
    <ClInclude Include="Curso.h">
      <Filter>Header Files</Filter>
    </ClInclude>
    <ClInclude Include="Grupo.h">
      <Filter>Header Files</Filter>
    </ClInclude>
    <ClInclude Include="Persona.h">
      <Filter>Header Files</Filter>
    </ClInclude>
    <ClInclude Include="Profesor.h">
      <Filter>Header Files</Filter>
    </ClInclude>
    <ClInclude Include="Estudiante.h">
      <Filter>Header Files</Filter>
    </ClInclude>
    <ClInclude Include="Periodo.h">
      <Filter>Header Files</Filter>
    </ClInclude>
    <ClInclude Include="Lista_Estudiante.h">
      <Filter>Header Files\Listas</Filter>
    </ClInclude>
    <ClInclude Include="Lista_Grupos.h">
      <Filter>Header Files\Listas</Filter>
    </ClInclude>
    <ClInclude Include="Lista_Profesores.h">
      <Filter>Header Files\Listas</Filter>
    </ClInclude>
  </ItemGroup>
</Project>